
Microsoft Visual Studio Solution File, Format Version 12.00
# Visual Studio Version 17
VisualStudioVersion = 17.7.34202.233
MinimumVisualStudioVersion = 10.0.40219.1
Project("{FAE04EC0-301F-11D3-BF4B-00C04F79EFBC}") = "Exercitiu 17", "Exercitiu 17\Exercitiu 17.csproj", "{CAE17672-061D-4E36-B98E-DBB79019FB90}"
EndProject
Global
	GlobalSection(SolutionConfigurationPlatforms) = preSolution
		Debug|Any CPU = Debug|Any CPU
		Release|Any CPU = Release|Any CPU
	EndGlobalSection
	GlobalSection(ProjectConfigurationPlatforms) = postSolution
		{CAE17672-061D-4E36-B98E-DBB79019FB90}.Debug|Any CPU.ActiveCfg = Debug|Any CPU
		{CAE17672-061D-4E36-B98E-DBB79019FB90}.Debug|Any CPU.Build.0 = Debug|Any CPU
		{CAE17672-061D-4E36-B98E-DBB79019FB90}.Release|Any CPU.ActiveCfg = Release|Any CPU
		{CAE17672-061D-4E36-B98E-DBB79019FB90}.Release|Any CPU.Build.0 = Release|Any CPU
	EndGlobalSection
	GlobalSection(SolutionProperties) = preSolution
		HideSolutionNode = FALSE
	EndGlobalSection
	GlobalSection(ExtensibilityGlobals) = postSolution
		SolutionGuid = {01C40CF1-0BDA-4F59-9B2D-AC7FC6316CF2}
	EndGlobalSection
EndGlobal
