
Microsoft Visual Studio Solution File, Format Version 12.00
# Visual Studio Version 17
VisualStudioVersion = 17.7.34202.233
MinimumVisualStudioVersion = 10.0.40219.1
Project("{FAE04EC0-301F-11D3-BF4B-00C04F79EFBC}") = "Exercitiu 15", "Exercitiu 15\Exercitiu 15.csproj", "{BFCAC0CD-A3CE-47C5-9C1C-B82DF5A4FC04}"
EndProject
Global
	GlobalSection(SolutionConfigurationPlatforms) = preSolution
		Debug|Any CPU = Debug|Any CPU
		Release|Any CPU = Release|Any CPU
	EndGlobalSection
	GlobalSection(ProjectConfigurationPlatforms) = postSolution
		{BFCAC0CD-A3CE-47C5-9C1C-B82DF5A4FC04}.Debug|Any CPU.ActiveCfg = Debug|Any CPU
		{BFCAC0CD-A3CE-47C5-9C1C-B82DF5A4FC04}.Debug|Any CPU.Build.0 = Debug|Any CPU
		{BFCAC0CD-A3CE-47C5-9C1C-B82DF5A4FC04}.Release|Any CPU.ActiveCfg = Release|Any CPU
		{BFCAC0CD-A3CE-47C5-9C1C-B82DF5A4FC04}.Release|Any CPU.Build.0 = Release|Any CPU
	EndGlobalSection
	GlobalSection(SolutionProperties) = preSolution
		HideSolutionNode = FALSE
	EndGlobalSection
	GlobalSection(ExtensibilityGlobals) = postSolution
		SolutionGuid = {F0F8696C-495A-4BD7-84FA-5A9F0181AED1}
	EndGlobalSection
EndGlobal
