
Microsoft Visual Studio Solution File, Format Version 12.00
# Visual Studio Version 17
VisualStudioVersion = 17.7.34202.233
MinimumVisualStudioVersion = 10.0.40219.1
Project("{FAE04EC0-301F-11D3-BF4B-00C04F79EFBC}") = "Exercitiu 7", "Exercitiu 7\Exercitiu 7.csproj", "{79F6B2A0-D056-4C94-B5CB-B1BA8B0EBEC3}"
EndProject
Global
	GlobalSection(SolutionConfigurationPlatforms) = preSolution
		Debug|Any CPU = Debug|Any CPU
		Release|Any CPU = Release|Any CPU
	EndGlobalSection
	GlobalSection(ProjectConfigurationPlatforms) = postSolution
		{79F6B2A0-D056-4C94-B5CB-B1BA8B0EBEC3}.Debug|Any CPU.ActiveCfg = Debug|Any CPU
		{79F6B2A0-D056-4C94-B5CB-B1BA8B0EBEC3}.Debug|Any CPU.Build.0 = Debug|Any CPU
		{79F6B2A0-D056-4C94-B5CB-B1BA8B0EBEC3}.Release|Any CPU.ActiveCfg = Release|Any CPU
		{79F6B2A0-D056-4C94-B5CB-B1BA8B0EBEC3}.Release|Any CPU.Build.0 = Release|Any CPU
	EndGlobalSection
	GlobalSection(SolutionProperties) = preSolution
		HideSolutionNode = FALSE
	EndGlobalSection
	GlobalSection(ExtensibilityGlobals) = postSolution
		SolutionGuid = {934C4161-A606-4539-A4B6-AE6B82EF15B5}
	EndGlobalSection
EndGlobal
